
Microsoft Visual Studio Solution File, Format Version 12.00
# Visual Studio 15
VisualStudioVersion = 15.0.28307.572
MinimumVisualStudioVersion = 10.0.40219.1
Project("{FAE04EC0-301F-11D3-BF4B-00C04F79EFBC}") = "RESTAPP.Android", "RESTAPP\RESTAPP.Android\RESTAPP.Android.csproj", "{35BD00A5-B454-4E54-B1E6-D2C83FD6B0DE}"
EndProject
Project("{FAE04EC0-301F-11D3-BF4B-00C04F79EFBC}") = "RESTAPP.iOS", "RESTAPP\RESTAPP.iOS\RESTAPP.iOS.csproj", "{D5B985AF-3EF7-40D1-92DF-E31C2D53DCCB}"
EndProject
Project("{FAE04EC0-301F-11D3-BF4B-00C04F79EFBC}") = "RESTAPP.UWP", "RESTAPP\RESTAPP.UWP\RESTAPP.UWP.csproj", "{71885883-35BC-43E5-AFBA-231728E6C01B}"
EndProject
Project("{FAE04EC0-301F-11D3-BF4B-00C04F79EFBC}") = "RESTAPP", "RESTAPP\RESTAPP\RESTAPP.csproj", "{DFCC77A1-CF45-4C0C-BDC5-488A7262B163}"
EndProject
Global
	GlobalSection(SolutionConfigurationPlatforms) = preSolution
		Ad-Hoc|Any CPU = Ad-Hoc|Any CPU
		Ad-Hoc|ARM = Ad-Hoc|ARM
		Ad-Hoc|iPhone = Ad-Hoc|iPhone
		Ad-Hoc|iPhoneSimulator = Ad-Hoc|iPhoneSimulator
		Ad-Hoc|x64 = Ad-Hoc|x64
		Ad-Hoc|x86 = Ad-Hoc|x86
		AppStore|Any CPU = AppStore|Any CPU
		AppStore|ARM = AppStore|ARM
		AppStore|iPhone = AppStore|iPhone
		AppStore|iPhoneSimulator = AppStore|iPhoneSimulator
		AppStore|x64 = AppStore|x64
		AppStore|x86 = AppStore|x86
		Debug|Any CPU = Debug|Any CPU
		Debug|ARM = Debug|ARM
		Debug|iPhone = Debug|iPhone
		Debug|iPhoneSimulator = Debug|iPhoneSimulator
		Debug|x64 = Debug|x64
		Debug|x86 = Debug|x86
		Release|Any CPU = Release|Any CPU
		Release|ARM = Release|ARM
		Release|iPhone = Release|iPhone
		Release|iPhoneSimulator = Release|iPhoneSimulator
		Release|x64 = Release|x64
		Release|x86 = Release|x86
	EndGlobalSection
	GlobalSection(ProjectConfigurationPlatforms) = postSolution
		{35BD00A5-B454-4E54-B1E6-D2C83FD6B0DE}.Ad-Hoc|Any CPU.ActiveCfg = Release|Any CPU
		{35BD00A5-B454-4E54-B1E6-D2C83FD6B0DE}.Ad-Hoc|Any CPU.Build.0 = Release|Any CPU
		{35BD00A5-B454-4E54-B1E6-D2C83FD6B0DE}.Ad-Hoc|Any CPU.Deploy.0 = Release|Any CPU
		{35BD00A5-B454-4E54-B1E6-D2C83FD6B0DE}.Ad-Hoc|ARM.ActiveCfg = Release|Any CPU
		{35BD00A5-B454-4E54-B1E6-D2C83FD6B0DE}.Ad-Hoc|ARM.Build.0 = Release|Any CPU
		{35BD00A5-B454-4E54-B1E6-D2C83FD6B0DE}.Ad-Hoc|ARM.Deploy.0 = Release|Any CPU
		{35BD00A5-B454-4E54-B1E6-D2C83FD6B0DE}.Ad-Hoc|iPhone.ActiveCfg = Release|Any CPU
		{35BD00A5-B454-4E54-B1E6-D2C83FD6B0DE}.Ad-Hoc|iPhone.Build.0 = Release|Any CPU
		{35BD00A5-B454-4E54-B1E6-D2C83FD6B0DE}.Ad-Hoc|iPhone.Deploy.0 = Release|Any CPU
		{35BD00A5-B454-4E54-B1E6-D2C83FD6B0DE}.Ad-Hoc|iPhoneSimulator.ActiveCfg = Release|Any CPU
		{35BD00A5-B454-4E54-B1E6-D2C83FD6B0DE}.Ad-Hoc|iPhoneSimulator.Build.0 = Release|Any CPU
		{35BD00A5-B454-4E54-B1E6-D2C83FD6B0DE}.Ad-Hoc|iPhoneSimulator.Deploy.0 = Release|Any CPU
		{35BD00A5-B454-4E54-B1E6-D2C83FD6B0DE}.Ad-Hoc|x64.ActiveCfg = Release|Any CPU
		{35BD00A5-B454-4E54-B1E6-D2C83FD6B0DE}.Ad-Hoc|x64.Build.0 = Release|Any CPU
		{35BD00A5-B454-4E54-B1E6-D2C83FD6B0DE}.Ad-Hoc|x64.Deploy.0 = Release|Any CPU
		{35BD00A5-B454-4E54-B1E6-D2C83FD6B0DE}.Ad-Hoc|x86.ActiveCfg = Release|Any CPU
		{35BD00A5-B454-4E54-B1E6-D2C83FD6B0DE}.Ad-Hoc|x86.Build.0 = Release|Any CPU
		{35BD00A5-B454-4E54-B1E6-D2C83FD6B0DE}.Ad-Hoc|x86.Deploy.0 = Release|Any CPU
		{35BD00A5-B454-4E54-B1E6-D2C83FD6B0DE}.AppStore|Any CPU.ActiveCfg = Release|Any CPU
		{35BD00A5-B454-4E54-B1E6-D2C83FD6B0DE}.AppStore|Any CPU.Build.0 = Release|Any CPU
		{35BD00A5-B454-4E54-B1E6-D2C83FD6B0DE}.AppStore|Any CPU.Deploy.0 = Release|Any CPU
		{35BD00A5-B454-4E54-B1E6-D2C83FD6B0DE}.AppStore|ARM.ActiveCfg = Release|Any CPU
		{35BD00A5-B454-4E54-B1E6-D2C83FD6B0DE}.AppStore|ARM.Build.0 = Release|Any CPU
		{35BD00A5-B454-4E54-B1E6-D2C83FD6B0DE}.AppStore|ARM.Deploy.0 = Release|Any CPU
		{35BD00A5-B454-4E54-B1E6-D2C83FD6B0DE}.AppStore|iPhone.ActiveCfg = Release|Any CPU
		{35BD00A5-B454-4E54-B1E6-D2C83FD6B0DE}.AppStore|iPhone.Build.0 = Release|Any CPU
		{35BD00A5-B454-4E54-B1E6-D2C83FD6B0DE}.AppStore|iPhone.Deploy.0 = Release|Any CPU
		{35BD00A5-B454-4E54-B1E6-D2C83FD6B0DE}.AppStore|iPhoneSimulator.ActiveCfg = Release|Any CPU
		{35BD00A5-B454-4E54-B1E6-D2C83FD6B0DE}.AppStore|iPhoneSimulator.Build.0 = Release|Any CPU
		{35BD00A5-B454-4E54-B1E6-D2C83FD6B0DE}.AppStore|iPhoneSimulator.Deploy.0 = Release|Any CPU
		{35BD00A5-B454-4E54-B1E6-D2C83FD6B0DE}.AppStore|x64.ActiveCfg = Release|Any CPU
		{35BD00A5-B454-4E54-B1E6-D2C83FD6B0DE}.AppStore|x64.Build.0 = Release|Any CPU
		{35BD00A5-B454-4E54-B1E6-D2C83FD6B0DE}.AppStore|x64.Deploy.0 = Release|Any CPU
		{35BD00A5-B454-4E54-B1E6-D2C83FD6B0DE}.AppStore|x86.ActiveCfg = Release|Any CPU
		{35BD00A5-B454-4E54-B1E6-D2C83FD6B0DE}.AppStore|x86.Build.0 = Release|Any CPU
		{35BD00A5-B454-4E54-B1E6-D2C83FD6B0DE}.AppStore|x86.Deploy.0 = Release|Any CPU
		{35BD00A5-B454-4E54-B1E6-D2C83FD6B0DE}.Debug|Any CPU.ActiveCfg = Debug|Any CPU
		{35BD00A5-B454-4E54-B1E6-D2C83FD6B0DE}.Debug|Any CPU.Build.0 = Debug|Any CPU
		{35BD00A5-B454-4E54-B1E6-D2C83FD6B0DE}.Debug|Any CPU.Deploy.0 = Debug|Any CPU
		{35BD00A5-B454-4E54-B1E6-D2C83FD6B0DE}.Debug|ARM.ActiveCfg = Debug|Any CPU
		{35BD00A5-B454-4E54-B1E6-D2C83FD6B0DE}.Debug|ARM.Build.0 = Debug|Any CPU
		{35BD00A5-B454-4E54-B1E6-D2C83FD6B0DE}.Debug|ARM.Deploy.0 = Debug|Any CPU
		{35BD00A5-B454-4E54-B1E6-D2C83FD6B0DE}.Debug|iPhone.ActiveCfg = Debug|Any CPU
		{35BD00A5-B454-4E54-B1E6-D2C83FD6B0DE}.Debug|iPhone.Build.0 = Debug|Any CPU
		{35BD00A5-B454-4E54-B1E6-D2C83FD6B0DE}.Debug|iPhone.Deploy.0 = Debug|Any CPU
		{35BD00A5-B454-4E54-B1E6-D2C83FD6B0DE}.Debug|iPhoneSimulator.ActiveCfg = Debug|Any CPU
		{35BD00A5-B454-4E54-B1E6-D2C83FD6B0DE}.Debug|iPhoneSimulator.Build.0 = Debug|Any CPU
		{35BD00A5-B454-4E54-B1E6-D2C83FD6B0DE}.Debug|iPhoneSimulator.Deploy.0 = Debug|Any CPU
		{35BD00A5-B454-4E54-B1E6-D2C83FD6B0DE}.Debug|x64.ActiveCfg = Debug|Any CPU
		{35BD00A5-B454-4E54-B1E6-D2C83FD6B0DE}.Debug|x64.Build.0 = Debug|Any CPU
		{35BD00A5-B454-4E54-B1E6-D2C83FD6B0DE}.Debug|x64.Deploy.0 = Debug|Any CPU
		{35BD00A5-B454-4E54-B1E6-D2C83FD6B0DE}.Debug|x86.ActiveCfg = Debug|Any CPU
		{35BD00A5-B454-4E54-B1E6-D2C83FD6B0DE}.Debug|x86.Build.0 = Debug|Any CPU
		{35BD00A5-B454-4E54-B1E6-D2C83FD6B0DE}.Debug|x86.Deploy.0 = Debug|Any CPU
		{35BD00A5-B454-4E54-B1E6-D2C83FD6B0DE}.Release|Any CPU.ActiveCfg = Release|Any CPU
		{35BD00A5-B454-4E54-B1E6-D2C83FD6B0DE}.Release|Any CPU.Build.0 = Release|Any CPU
		{35BD00A5-B454-4E54-B1E6-D2C83FD6B0DE}.Release|Any CPU.Deploy.0 = Release|Any CPU
		{35BD00A5-B454-4E54-B1E6-D2C83FD6B0DE}.Release|ARM.ActiveCfg = Release|Any CPU
		{35BD00A5-B454-4E54-B1E6-D2C83FD6B0DE}.Release|ARM.Build.0 = Release|Any CPU
		{35BD00A5-B454-4E54-B1E6-D2C83FD6B0DE}.Release|ARM.Deploy.0 = Release|Any CPU
		{35BD00A5-B454-4E54-B1E6-D2C83FD6B0DE}.Release|iPhone.ActiveCfg = Release|Any CPU
		{35BD00A5-B454-4E54-B1E6-D2C83FD6B0DE}.Release|iPhone.Build.0 = Release|Any CPU
		{35BD00A5-B454-4E54-B1E6-D2C83FD6B0DE}.Release|iPhone.Deploy.0 = Release|Any CPU
		{35BD00A5-B454-4E54-B1E6-D2C83FD6B0DE}.Release|iPhoneSimulator.ActiveCfg = Release|Any CPU
		{35BD00A5-B454-4E54-B1E6-D2C83FD6B0DE}.Release|iPhoneSimulator.Build.0 = Release|Any CPU
		{35BD00A5-B454-4E54-B1E6-D2C83FD6B0DE}.Release|iPhoneSimulator.Deploy.0 = Release|Any CPU
		{35BD00A5-B454-4E54-B1E6-D2C83FD6B0DE}.Release|x64.ActiveCfg = Release|Any CPU
		{35BD00A5-B454-4E54-B1E6-D2C83FD6B0DE}.Release|x64.Build.0 = Release|Any CPU
		{35BD00A5-B454-4E54-B1E6-D2C83FD6B0DE}.Release|x64.Deploy.0 = Release|Any CPU
		{35BD00A5-B454-4E54-B1E6-D2C83FD6B0DE}.Release|x86.ActiveCfg = Release|Any CPU
		{35BD00A5-B454-4E54-B1E6-D2C83FD6B0DE}.Release|x86.Build.0 = Release|Any CPU
		{35BD00A5-B454-4E54-B1E6-D2C83FD6B0DE}.Release|x86.Deploy.0 = Release|Any CPU
		{D5B985AF-3EF7-40D1-92DF-E31C2D53DCCB}.Ad-Hoc|Any CPU.ActiveCfg = Ad-Hoc|iPhone
		{D5B985AF-3EF7-40D1-92DF-E31C2D53DCCB}.Ad-Hoc|Any CPU.Build.0 = Ad-Hoc|iPhone
		{D5B985AF-3EF7-40D1-92DF-E31C2D53DCCB}.Ad-Hoc|Any CPU.Deploy.0 = Ad-Hoc|iPhone
		{D5B985AF-3EF7-40D1-92DF-E31C2D53DCCB}.Ad-Hoc|ARM.ActiveCfg = Ad-Hoc|iPhone
		{D5B985AF-3EF7-40D1-92DF-E31C2D53DCCB}.Ad-Hoc|ARM.Build.0 = Ad-Hoc|iPhone
		{D5B985AF-3EF7-40D1-92DF-E31C2D53DCCB}.Ad-Hoc|ARM.Deploy.0 = Ad-Hoc|iPhone
		{D5B985AF-3EF7-40D1-92DF-E31C2D53DCCB}.Ad-Hoc|iPhone.ActiveCfg = Ad-Hoc|iPhone
		{D5B985AF-3EF7-40D1-92DF-E31C2D53DCCB}.Ad-Hoc|iPhone.Build.0 = Ad-Hoc|iPhone
		{D5B985AF-3EF7-40D1-92DF-E31C2D53DCCB}.Ad-Hoc|iPhone.Deploy.0 = Ad-Hoc|iPhone
		{D5B985AF-3EF7-40D1-92DF-E31C2D53DCCB}.Ad-Hoc|iPhoneSimulator.ActiveCfg = Ad-Hoc|iPhoneSimulator
		{D5B985AF-3EF7-40D1-92DF-E31C2D53DCCB}.Ad-Hoc|iPhoneSimulator.Build.0 = Ad-Hoc|iPhoneSimulator
		{D5B985AF-3EF7-40D1-92DF-E31C2D53DCCB}.Ad-Hoc|iPhoneSimulator.Deploy.0 = Ad-Hoc|iPhoneSimulator
		{D5B985AF-3EF7-40D1-92DF-E31C2D53DCCB}.Ad-Hoc|x64.ActiveCfg = Ad-Hoc|iPhone
		{D5B985AF-3EF7-40D1-92DF-E31C2D53DCCB}.Ad-Hoc|x64.Build.0 = Ad-Hoc|iPhone
		{D5B985AF-3EF7-40D1-92DF-E31C2D53DCCB}.Ad-Hoc|x64.Deploy.0 = Ad-Hoc|iPhone
		{D5B985AF-3EF7-40D1-92DF-E31C2D53DCCB}.Ad-Hoc|x86.ActiveCfg = Ad-Hoc|iPhone
		{D5B985AF-3EF7-40D1-92DF-E31C2D53DCCB}.Ad-Hoc|x86.Build.0 = Ad-Hoc|iPhone
		{D5B985AF-3EF7-40D1-92DF-E31C2D53DCCB}.Ad-Hoc|x86.Deploy.0 = Ad-Hoc|iPhone
		{D5B985AF-3EF7-40D1-92DF-E31C2D53DCCB}.AppStore|Any CPU.ActiveCfg = AppStore|iPhone
		{D5B985AF-3EF7-40D1-92DF-E31C2D53DCCB}.AppStore|Any CPU.Build.0 = AppStore|iPhone
		{D5B985AF-3EF7-40D1-92DF-E31C2D53DCCB}.AppStore|Any CPU.Deploy.0 = AppStore|iPhone
		{D5B985AF-3EF7-40D1-92DF-E31C2D53DCCB}.AppStore|ARM.ActiveCfg = AppStore|iPhone
		{D5B985AF-3EF7-40D1-92DF-E31C2D53DCCB}.AppStore|ARM.Build.0 = AppStore|iPhone
		{D5B985AF-3EF7-40D1-92DF-E31C2D53DCCB}.AppStore|ARM.Deploy.0 = AppStore|iPhone
		{D5B985AF-3EF7-40D1-92DF-E31C2D53DCCB}.AppStore|iPhone.ActiveCfg = AppStore|iPhone
		{D5B985AF-3EF7-40D1-92DF-E31C2D53DCCB}.AppStore|iPhone.Build.0 = AppStore|iPhone
		{D5B985AF-3EF7-40D1-92DF-E31C2D53DCCB}.AppStore|iPhone.Deploy.0 = AppStore|iPhone
		{D5B985AF-3EF7-40D1-92DF-E31C2D53DCCB}.AppStore|iPhoneSimulator.ActiveCfg = AppStore|iPhoneSimulator
		{D5B985AF-3EF7-40D1-92DF-E31C2D53DCCB}.AppStore|iPhoneSimulator.Build.0 = AppStore|iPhoneSimulator
		{D5B985AF-3EF7-40D1-92DF-E31C2D53DCCB}.AppStore|iPhoneSimulator.Deploy.0 = AppStore|iPhoneSimulator
		{D5B985AF-3EF7-40D1-92DF-E31C2D53DCCB}.AppStore|x64.ActiveCfg = AppStore|iPhone
		{D5B985AF-3EF7-40D1-92DF-E31C2D53DCCB}.AppStore|x64.Build.0 = AppStore|iPhone
		{D5B985AF-3EF7-40D1-92DF-E31C2D53DCCB}.AppStore|x64.Deploy.0 = AppStore|iPhone
		{D5B985AF-3EF7-40D1-92DF-E31C2D53DCCB}.AppStore|x86.ActiveCfg = AppStore|iPhone
		{D5B985AF-3EF7-40D1-92DF-E31C2D53DCCB}.AppStore|x86.Build.0 = AppStore|iPhone
		{D5B985AF-3EF7-40D1-92DF-E31C2D53DCCB}.AppStore|x86.Deploy.0 = AppStore|iPhone
		{D5B985AF-3EF7-40D1-92DF-E31C2D53DCCB}.Debug|Any CPU.ActiveCfg = Debug|iPhoneSimulator
		{D5B985AF-3EF7-40D1-92DF-E31C2D53DCCB}.Debug|Any CPU.Build.0 = Debug|iPhoneSimulator
		{D5B985AF-3EF7-40D1-92DF-E31C2D53DCCB}.Debug|Any CPU.Deploy.0 = Debug|iPhoneSimulator
		{D5B985AF-3EF7-40D1-92DF-E31C2D53DCCB}.Debug|ARM.ActiveCfg = Debug|iPhone
		{D5B985AF-3EF7-40D1-92DF-E31C2D53DCCB}.Debug|ARM.Build.0 = Debug|iPhone
		{D5B985AF-3EF7-40D1-92DF-E31C2D53DCCB}.Debug|ARM.Deploy.0 = Debug|iPhone
		{D5B985AF-3EF7-40D1-92DF-E31C2D53DCCB}.Debug|iPhone.ActiveCfg = Debug|iPhone
		{D5B985AF-3EF7-40D1-92DF-E31C2D53DCCB}.Debug|iPhone.Build.0 = Debug|iPhone
		{D5B985AF-3EF7-40D1-92DF-E31C2D53DCCB}.Debug|iPhone.Deploy.0 = Debug|iPhone
		{D5B985AF-3EF7-40D1-92DF-E31C2D53DCCB}.Debug|iPhoneSimulator.ActiveCfg = Debug|iPhoneSimulator
		{D5B985AF-3EF7-40D1-92DF-E31C2D53DCCB}.Debug|iPhoneSimulator.Build.0 = Debug|iPhoneSimulator
		{D5B985AF-3EF7-40D1-92DF-E31C2D53DCCB}.Debug|iPhoneSimulator.Deploy.0 = Debug|iPhoneSimulator
		{D5B985AF-3EF7-40D1-92DF-E31C2D53DCCB}.Debug|x64.ActiveCfg = Debug|iPhone
		{D5B985AF-3EF7-40D1-92DF-E31C2D53DCCB}.Debug|x64.Build.0 = Debug|iPhone
		{D5B985AF-3EF7-40D1-92DF-E31C2D53DCCB}.Debug|x64.Deploy.0 = Debug|iPhone
		{D5B985AF-3EF7-40D1-92DF-E31C2D53DCCB}.Debug|x86.ActiveCfg = Debug|iPhone
		{D5B985AF-3EF7-40D1-92DF-E31C2D53DCCB}.Debug|x86.Build.0 = Debug|iPhone
		{D5B985AF-3EF7-40D1-92DF-E31C2D53DCCB}.Debug|x86.Deploy.0 = Debug|iPhone
		{D5B985AF-3EF7-40D1-92DF-E31C2D53DCCB}.Release|Any CPU.ActiveCfg = Release|iPhone
		{D5B985AF-3EF7-40D1-92DF-E31C2D53DCCB}.Release|Any CPU.Build.0 = Release|iPhone
		{D5B985AF-3EF7-40D1-92DF-E31C2D53DCCB}.Release|Any CPU.Deploy.0 = Release|iPhone
		{D5B985AF-3EF7-40D1-92DF-E31C2D53DCCB}.Release|ARM.ActiveCfg = Release|iPhone
		{D5B985AF-3EF7-40D1-92DF-E31C2D53DCCB}.Release|ARM.Build.0 = Release|iPhone
		{D5B985AF-3EF7-40D1-92DF-E31C2D53DCCB}.Release|ARM.Deploy.0 = Release|iPhone
		{D5B985AF-3EF7-40D1-92DF-E31C2D53DCCB}.Release|iPhone.ActiveCfg = Release|iPhone
		{D5B985AF-3EF7-40D1-92DF-E31C2D53DCCB}.Release|iPhone.Build.0 = Release|iPhone
		{D5B985AF-3EF7-40D1-92DF-E31C2D53DCCB}.Release|iPhone.Deploy.0 = Release|iPhone
		{D5B985AF-3EF7-40D1-92DF-E31C2D53DCCB}.Release|iPhoneSimulator.ActiveCfg = Release|iPhoneSimulator
		{D5B985AF-3EF7-40D1-92DF-E31C2D53DCCB}.Release|iPhoneSimulator.Build.0 = Release|iPhoneSimulator
		{D5B985AF-3EF7-40D1-92DF-E31C2D53DCCB}.Release|iPhoneSimulator.Deploy.0 = Release|iPhoneSimulator
		{D5B985AF-3EF7-40D1-92DF-E31C2D53DCCB}.Release|x64.ActiveCfg = Release|iPhone
		{D5B985AF-3EF7-40D1-92DF-E31C2D53DCCB}.Release|x64.Build.0 = Release|iPhone
		{D5B985AF-3EF7-40D1-92DF-E31C2D53DCCB}.Release|x64.Deploy.0 = Release|iPhone
		{D5B985AF-3EF7-40D1-92DF-E31C2D53DCCB}.Release|x86.ActiveCfg = Release|iPhone
		{D5B985AF-3EF7-40D1-92DF-E31C2D53DCCB}.Release|x86.Build.0 = Release|iPhone
		{D5B985AF-3EF7-40D1-92DF-E31C2D53DCCB}.Release|x86.Deploy.0 = Release|iPhone
		{71885883-35BC-43E5-AFBA-231728E6C01B}.Ad-Hoc|Any CPU.ActiveCfg = Release|x86
		{71885883-35BC-43E5-AFBA-231728E6C01B}.Ad-Hoc|Any CPU.Build.0 = Release|x86
		{71885883-35BC-43E5-AFBA-231728E6C01B}.Ad-Hoc|Any CPU.Deploy.0 = Release|x86
		{71885883-35BC-43E5-AFBA-231728E6C01B}.Ad-Hoc|ARM.ActiveCfg = Release|ARM
		{71885883-35BC-43E5-AFBA-231728E6C01B}.Ad-Hoc|ARM.Build.0 = Release|ARM
		{71885883-35BC-43E5-AFBA-231728E6C01B}.Ad-Hoc|ARM.Deploy.0 = Release|ARM
		{71885883-35BC-43E5-AFBA-231728E6C01B}.Ad-Hoc|iPhone.ActiveCfg = Release|x86
		{71885883-35BC-43E5-AFBA-231728E6C01B}.Ad-Hoc|iPhone.Build.0 = Release|x86
		{71885883-35BC-43E5-AFBA-231728E6C01B}.Ad-Hoc|iPhone.Deploy.0 = Release|x86
		{71885883-35BC-43E5-AFBA-231728E6C01B}.Ad-Hoc|iPhoneSimulator.ActiveCfg = Release|x86
		{71885883-35BC-43E5-AFBA-231728E6C01B}.Ad-Hoc|iPhoneSimulator.Build.0 = Release|x86
		{71885883-35BC-43E5-AFBA-231728E6C01B}.Ad-Hoc|iPhoneSimulator.Deploy.0 = Release|x86
		{71885883-35BC-43E5-AFBA-231728E6C01B}.Ad-Hoc|x64.ActiveCfg = Release|x64
		{71885883-35BC-43E5-AFBA-231728E6C01B}.Ad-Hoc|x64.Build.0 = Release|x64
		{71885883-35BC-43E5-AFBA-231728E6C01B}.Ad-Hoc|x64.Deploy.0 = Release|x64
		{71885883-35BC-43E5-AFBA-231728E6C01B}.Ad-Hoc|x86.ActiveCfg = Release|x86
		{71885883-35BC-43E5-AFBA-231728E6C01B}.Ad-Hoc|x86.Build.0 = Release|x86
		{71885883-35BC-43E5-AFBA-231728E6C01B}.Ad-Hoc|x86.Deploy.0 = Release|x86
		{71885883-35BC-43E5-AFBA-231728E6C01B}.AppStore|Any CPU.ActiveCfg = Release|x86
		{71885883-35BC-43E5-AFBA-231728E6C01B}.AppStore|Any CPU.Build.0 = Release|x86
		{71885883-35BC-43E5-AFBA-231728E6C01B}.AppStore|Any CPU.Deploy.0 = Release|x86
		{71885883-35BC-43E5-AFBA-231728E6C01B}.AppStore|ARM.ActiveCfg = Release|ARM
		{71885883-35BC-43E5-AFBA-231728E6C01B}.AppStore|ARM.Build.0 = Release|ARM
		{71885883-35BC-43E5-AFBA-231728E6C01B}.AppStore|ARM.Deploy.0 = Release|ARM
		{71885883-35BC-43E5-AFBA-231728E6C01B}.AppStore|iPhone.ActiveCfg = Release|x86
		{71885883-35BC-43E5-AFBA-231728E6C01B}.AppStore|iPhone.Build.0 = Release|x86
		{71885883-35BC-43E5-AFBA-231728E6C01B}.AppStore|iPhone.Deploy.0 = Release|x86
		{71885883-35BC-43E5-AFBA-231728E6C01B}.AppStore|iPhoneSimulator.ActiveCfg = Release|x86
		{71885883-35BC-43E5-AFBA-231728E6C01B}.AppStore|iPhoneSimulator.Build.0 = Release|x86
		{71885883-35BC-43E5-AFBA-231728E6C01B}.AppStore|iPhoneSimulator.Deploy.0 = Release|x86
		{71885883-35BC-43E5-AFBA-231728E6C01B}.AppStore|x64.ActiveCfg = Release|x64
		{71885883-35BC-43E5-AFBA-231728E6C01B}.AppStore|x64.Build.0 = Release|x64
		{71885883-35BC-43E5-AFBA-231728E6C01B}.AppStore|x64.Deploy.0 = Release|x64
		{71885883-35BC-43E5-AFBA-231728E6C01B}.AppStore|x86.ActiveCfg = Release|x86
		{71885883-35BC-43E5-AFBA-231728E6C01B}.AppStore|x86.Build.0 = Release|x86
		{71885883-35BC-43E5-AFBA-231728E6C01B}.AppStore|x86.Deploy.0 = Release|x86
		{71885883-35BC-43E5-AFBA-231728E6C01B}.Debug|Any CPU.ActiveCfg = Debug|x86
		{71885883-35BC-43E5-AFBA-231728E6C01B}.Debug|Any CPU.Build.0 = Debug|x86
		{71885883-35BC-43E5-AFBA-231728E6C01B}.Debug|Any CPU.Deploy.0 = Debug|x86
		{71885883-35BC-43E5-AFBA-231728E6C01B}.Debug|ARM.ActiveCfg = Debug|ARM
		{71885883-35BC-43E5-AFBA-231728E6C01B}.Debug|ARM.Build.0 = Debug|ARM
		{71885883-35BC-43E5-AFBA-231728E6C01B}.Debug|ARM.Deploy.0 = Debug|ARM
		{71885883-35BC-43E5-AFBA-231728E6C01B}.Debug|iPhone.ActiveCfg = Debug|x86
		{71885883-35BC-43E5-AFBA-231728E6C01B}.Debug|iPhone.Build.0 = Debug|x86
		{71885883-35BC-43E5-AFBA-231728E6C01B}.Debug|iPhone.Deploy.0 = Debug|x86
		{71885883-35BC-43E5-AFBA-231728E6C01B}.Debug|iPhoneSimulator.ActiveCfg = Debug|x86
		{71885883-35BC-43E5-AFBA-231728E6C01B}.Debug|iPhoneSimulator.Build.0 = Debug|x86
		{71885883-35BC-43E5-AFBA-231728E6C01B}.Debug|iPhoneSimulator.Deploy.0 = Debug|x86
		{71885883-35BC-43E5-AFBA-231728E6C01B}.Debug|x64.ActiveCfg = Debug|x64
		{71885883-35BC-43E5-AFBA-231728E6C01B}.Debug|x64.Build.0 = Debug|x64
		{71885883-35BC-43E5-AFBA-231728E6C01B}.Debug|x64.Deploy.0 = Debug|x64
		{71885883-35BC-43E5-AFBA-231728E6C01B}.Debug|x86.ActiveCfg = Debug|x86
		{71885883-35BC-43E5-AFBA-231728E6C01B}.Debug|x86.Build.0 = Debug|x86
		{71885883-35BC-43E5-AFBA-231728E6C01B}.Debug|x86.Deploy.0 = Debug|x86
		{71885883-35BC-43E5-AFBA-231728E6C01B}.Release|Any CPU.ActiveCfg = Release|x86
		{71885883-35BC-43E5-AFBA-231728E6C01B}.Release|Any CPU.Build.0 = Release|x86
		{71885883-35BC-43E5-AFBA-231728E6C01B}.Release|Any CPU.Deploy.0 = Release|x86
		{71885883-35BC-43E5-AFBA-231728E6C01B}.Release|ARM.ActiveCfg = Release|ARM
		{71885883-35BC-43E5-AFBA-231728E6C01B}.Release|ARM.Build.0 = Release|ARM
		{71885883-35BC-43E5-AFBA-231728E6C01B}.Release|ARM.Deploy.0 = Release|ARM
		{71885883-35BC-43E5-AFBA-231728E6C01B}.Release|iPhone.ActiveCfg = Release|x86
		{71885883-35BC-43E5-AFBA-231728E6C01B}.Release|iPhone.Build.0 = Release|x86
		{71885883-35BC-43E5-AFBA-231728E6C01B}.Release|iPhone.Deploy.0 = Release|x86
		{71885883-35BC-43E5-AFBA-231728E6C01B}.Release|iPhoneSimulator.ActiveCfg = Release|x86
		{71885883-35BC-43E5-AFBA-231728E6C01B}.Release|iPhoneSimulator.Build.0 = Release|x86
		{71885883-35BC-43E5-AFBA-231728E6C01B}.Release|iPhoneSimulator.Deploy.0 = Release|x86
		{71885883-35BC-43E5-AFBA-231728E6C01B}.Release|x64.ActiveCfg = Release|x64
		{71885883-35BC-43E5-AFBA-231728E6C01B}.Release|x64.Build.0 = Release|x64
		{71885883-35BC-43E5-AFBA-231728E6C01B}.Release|x64.Deploy.0 = Release|x64
		{71885883-35BC-43E5-AFBA-231728E6C01B}.Release|x86.ActiveCfg = Release|x86
		{71885883-35BC-43E5-AFBA-231728E6C01B}.Release|x86.Build.0 = Release|x86
		{71885883-35BC-43E5-AFBA-231728E6C01B}.Release|x86.Deploy.0 = Release|x86
		{DFCC77A1-CF45-4C0C-BDC5-488A7262B163}.Ad-Hoc|Any CPU.ActiveCfg = Debug|Any CPU
		{DFCC77A1-CF45-4C0C-BDC5-488A7262B163}.Ad-Hoc|Any CPU.Build.0 = Debug|Any CPU
		{DFCC77A1-CF45-4C0C-BDC5-488A7262B163}.Ad-Hoc|Any CPU.Deploy.0 = Debug|Any CPU
		{DFCC77A1-CF45-4C0C-BDC5-488A7262B163}.Ad-Hoc|ARM.ActiveCfg = Debug|Any CPU
		{DFCC77A1-CF45-4C0C-BDC5-488A7262B163}.Ad-Hoc|ARM.Build.0 = Debug|Any CPU
		{DFCC77A1-CF45-4C0C-BDC5-488A7262B163}.Ad-Hoc|ARM.Deploy.0 = Debug|Any CPU
		{DFCC77A1-CF45-4C0C-BDC5-488A7262B163}.Ad-Hoc|iPhone.ActiveCfg = Debug|Any CPU
		{DFCC77A1-CF45-4C0C-BDC5-488A7262B163}.Ad-Hoc|iPhone.Build.0 = Debug|Any CPU
		{DFCC77A1-CF45-4C0C-BDC5-488A7262B163}.Ad-Hoc|iPhone.Deploy.0 = Debug|Any CPU
		{DFCC77A1-CF45-4C0C-BDC5-488A7262B163}.Ad-Hoc|iPhoneSimulator.ActiveCfg = Debug|Any CPU
		{DFCC77A1-CF45-4C0C-BDC5-488A7262B163}.Ad-Hoc|iPhoneSimulator.Build.0 = Debug|Any CPU
		{DFCC77A1-CF45-4C0C-BDC5-488A7262B163}.Ad-Hoc|iPhoneSimulator.Deploy.0 = Debug|Any CPU
		{DFCC77A1-CF45-4C0C-BDC5-488A7262B163}.Ad-Hoc|x64.ActiveCfg = Debug|Any CPU
		{DFCC77A1-CF45-4C0C-BDC5-488A7262B163}.Ad-Hoc|x64.Build.0 = Debug|Any CPU
		{DFCC77A1-CF45-4C0C-BDC5-488A7262B163}.Ad-Hoc|x64.Deploy.0 = Debug|Any CPU
		{DFCC77A1-CF45-4C0C-BDC5-488A7262B163}.Ad-Hoc|x86.ActiveCfg = Debug|Any CPU
		{DFCC77A1-CF45-4C0C-BDC5-488A7262B163}.Ad-Hoc|x86.Build.0 = Debug|Any CPU
		{DFCC77A1-CF45-4C0C-BDC5-488A7262B163}.Ad-Hoc|x86.Deploy.0 = Debug|Any CPU
		{DFCC77A1-CF45-4C0C-BDC5-488A7262B163}.AppStore|Any CPU.ActiveCfg = Debug|Any CPU
		{DFCC77A1-CF45-4C0C-BDC5-488A7262B163}.AppStore|Any CPU.Build.0 = Debug|Any CPU
		{DFCC77A1-CF45-4C0C-BDC5-488A7262B163}.AppStore|Any CPU.Deploy.0 = Debug|Any CPU
		{DFCC77A1-CF45-4C0C-BDC5-488A7262B163}.AppStore|ARM.ActiveCfg = Debug|Any CPU
		{DFCC77A1-CF45-4C0C-BDC5-488A7262B163}.AppStore|ARM.Build.0 = Debug|Any CPU
		{DFCC77A1-CF45-4C0C-BDC5-488A7262B163}.AppStore|ARM.Deploy.0 = Debug|Any CPU
		{DFCC77A1-CF45-4C0C-BDC5-488A7262B163}.AppStore|iPhone.ActiveCfg = Debug|Any CPU
		{DFCC77A1-CF45-4C0C-BDC5-488A7262B163}.AppStore|iPhone.Build.0 = Debug|Any CPU
		{DFCC77A1-CF45-4C0C-BDC5-488A7262B163}.AppStore|iPhone.Deploy.0 = Debug|Any CPU
		{DFCC77A1-CF45-4C0C-BDC5-488A7262B163}.AppStore|iPhoneSimulator.ActiveCfg = Debug|Any CPU
		{DFCC77A1-CF45-4C0C-BDC5-488A7262B163}.AppStore|iPhoneSimulator.Build.0 = Debug|Any CPU
		{DFCC77A1-CF45-4C0C-BDC5-488A7262B163}.AppStore|iPhoneSimulator.Deploy.0 = Debug|Any CPU
		{DFCC77A1-CF45-4C0C-BDC5-488A7262B163}.AppStore|x64.ActiveCfg = Debug|Any CPU
		{DFCC77A1-CF45-4C0C-BDC5-488A7262B163}.AppStore|x64.Build.0 = Debug|Any CPU
		{DFCC77A1-CF45-4C0C-BDC5-488A7262B163}.AppStore|x64.Deploy.0 = Debug|Any CPU
		{DFCC77A1-CF45-4C0C-BDC5-488A7262B163}.AppStore|x86.ActiveCfg = Debug|Any CPU
		{DFCC77A1-CF45-4C0C-BDC5-488A7262B163}.AppStore|x86.Build.0 = Debug|Any CPU
		{DFCC77A1-CF45-4C0C-BDC5-488A7262B163}.AppStore|x86.Deploy.0 = Debug|Any CPU
		{DFCC77A1-CF45-4C0C-BDC5-488A7262B163}.Debug|Any CPU.ActiveCfg = Debug|Any CPU
		{DFCC77A1-CF45-4C0C-BDC5-488A7262B163}.Debug|Any CPU.Build.0 = Debug|Any CPU
		{DFCC77A1-CF45-4C0C-BDC5-488A7262B163}.Debug|Any CPU.Deploy.0 = Debug|Any CPU
		{DFCC77A1-CF45-4C0C-BDC5-488A7262B163}.Debug|ARM.ActiveCfg = Debug|Any CPU
		{DFCC77A1-CF45-4C0C-BDC5-488A7262B163}.Debug|ARM.Build.0 = Debug|Any CPU
		{DFCC77A1-CF45-4C0C-BDC5-488A7262B163}.Debug|ARM.Deploy.0 = Debug|Any CPU
		{DFCC77A1-CF45-4C0C-BDC5-488A7262B163}.Debug|iPhone.ActiveCfg = Debug|Any CPU
		{DFCC77A1-CF45-4C0C-BDC5-488A7262B163}.Debug|iPhone.Build.0 = Debug|Any CPU
		{DFCC77A1-CF45-4C0C-BDC5-488A7262B163}.Debug|iPhone.Deploy.0 = Debug|Any CPU
		{DFCC77A1-CF45-4C0C-BDC5-488A7262B163}.Debug|iPhoneSimulator.ActiveCfg = Debug|Any CPU
		{DFCC77A1-CF45-4C0C-BDC5-488A7262B163}.Debug|iPhoneSimulator.Build.0 = Debug|Any CPU
		{DFCC77A1-CF45-4C0C-BDC5-488A7262B163}.Debug|iPhoneSimulator.Deploy.0 = Debug|Any CPU
		{DFCC77A1-CF45-4C0C-BDC5-488A7262B163}.Debug|x64.ActiveCfg = Debug|Any CPU
		{DFCC77A1-CF45-4C0C-BDC5-488A7262B163}.Debug|x64.Build.0 = Debug|Any CPU
		{DFCC77A1-CF45-4C0C-BDC5-488A7262B163}.Debug|x64.Deploy.0 = Debug|Any CPU
		{DFCC77A1-CF45-4C0C-BDC5-488A7262B163}.Debug|x86.ActiveCfg = Debug|Any CPU
		{DFCC77A1-CF45-4C0C-BDC5-488A7262B163}.Debug|x86.Build.0 = Debug|Any CPU
		{DFCC77A1-CF45-4C0C-BDC5-488A7262B163}.Debug|x86.Deploy.0 = Debug|Any CPU
		{DFCC77A1-CF45-4C0C-BDC5-488A7262B163}.Release|Any CPU.ActiveCfg = Release|Any CPU
		{DFCC77A1-CF45-4C0C-BDC5-488A7262B163}.Release|Any CPU.Build.0 = Release|Any CPU
		{DFCC77A1-CF45-4C0C-BDC5-488A7262B163}.Release|Any CPU.Deploy.0 = Release|Any CPU
		{DFCC77A1-CF45-4C0C-BDC5-488A7262B163}.Release|ARM.ActiveCfg = Release|Any CPU
		{DFCC77A1-CF45-4C0C-BDC5-488A7262B163}.Release|ARM.Build.0 = Release|Any CPU
		{DFCC77A1-CF45-4C0C-BDC5-488A7262B163}.Release|ARM.Deploy.0 = Release|Any CPU
		{DFCC77A1-CF45-4C0C-BDC5-488A7262B163}.Release|iPhone.ActiveCfg = Release|Any CPU
		{DFCC77A1-CF45-4C0C-BDC5-488A7262B163}.Release|iPhone.Build.0 = Release|Any CPU
		{DFCC77A1-CF45-4C0C-BDC5-488A7262B163}.Release|iPhone.Deploy.0 = Release|Any CPU
		{DFCC77A1-CF45-4C0C-BDC5-488A7262B163}.Release|iPhoneSimulator.ActiveCfg = Release|Any CPU
		{DFCC77A1-CF45-4C0C-BDC5-488A7262B163}.Release|iPhoneSimulator.Build.0 = Release|Any CPU
		{DFCC77A1-CF45-4C0C-BDC5-488A7262B163}.Release|iPhoneSimulator.Deploy.0 = Release|Any CPU
		{DFCC77A1-CF45-4C0C-BDC5-488A7262B163}.Release|x64.ActiveCfg = Release|Any CPU
		{DFCC77A1-CF45-4C0C-BDC5-488A7262B163}.Release|x64.Build.0 = Release|Any CPU
		{DFCC77A1-CF45-4C0C-BDC5-488A7262B163}.Release|x64.Deploy.0 = Release|Any CPU
		{DFCC77A1-CF45-4C0C-BDC5-488A7262B163}.Release|x86.ActiveCfg = Release|Any CPU
		{DFCC77A1-CF45-4C0C-BDC5-488A7262B163}.Release|x86.Build.0 = Release|Any CPU
		{DFCC77A1-CF45-4C0C-BDC5-488A7262B163}.Release|x86.Deploy.0 = Release|Any CPU
	EndGlobalSection
	GlobalSection(SolutionProperties) = preSolution
		HideSolutionNode = FALSE
	EndGlobalSection
	GlobalSection(ExtensibilityGlobals) = postSolution
		SolutionGuid = {CF26AA48-1E1D-4101-879C-021EA1CD0A61}
	EndGlobalSection
EndGlobal
